
Microsoft Visual Studio Solution File, Format Version 12.00
# Visual Studio Version 17
VisualStudioVersion = 17.13.35825.156 d17.13
MinimumVisualStudioVersion = 10.0.40219.1
Project("{FAE04EC0-301F-11D3-BF4B-00C04F79EFBC}") = "CyberSecChatBot", "CyberSecChatBot\CyberSecChatBot.csproj", "{BF8A2AE4-E52A-416A-8D75-C595A2766E6C}"
EndProject
Global
	GlobalSection(SolutionConfigurationPlatforms) = preSolution
		Debug|Any CPU = Debug|Any CPU
		Release|Any CPU = Release|Any CPU
	EndGlobalSection
	GlobalSection(ProjectConfigurationPlatforms) = postSolution
		{BF8A2AE4-E52A-416A-8D75-C595A2766E6C}.Debug|Any CPU.ActiveCfg = Debug|Any CPU
		{BF8A2AE4-E52A-416A-8D75-C595A2766E6C}.Debug|Any CPU.Build.0 = Debug|Any CPU
		{BF8A2AE4-E52A-416A-8D75-C595A2766E6C}.Release|Any CPU.ActiveCfg = Release|Any CPU
		{BF8A2AE4-E52A-416A-8D75-C595A2766E6C}.Release|Any CPU.Build.0 = Release|Any CPU
	EndGlobalSection
	GlobalSection(SolutionProperties) = preSolution
		HideSolutionNode = FALSE
	EndGlobalSection
	GlobalSection(ExtensibilityGlobals) = postSolution
		SolutionGuid = {832DAC4E-FAB3-4E97-893E-0012E9E45CBD}
	EndGlobalSection
EndGlobal
